
Microsoft Visual Studio Solution File, Format Version 12.00
# Visual Studio Version 17
VisualStudioVersion = 17.2.32317.152
MinimumVisualStudioVersion = 10.0.40219.1
Project("{9A19103F-16F7-4668-BE54-9A1E7A4F7556}") = "Mediaticon", "Mediaticon.csproj", "{7556D463-23A8-447D-A6E3-CC4A71143443}"
EndProject
Project("{9A19103F-16F7-4668-BE54-9A1E7A4F7556}") = "MediaticonDB", "..\MediaticonDB-project\MediaticonDB.csproj", "{47CD530E-2958-4FF0-9632-001CF3741E67}"
EndProject
Project("{9A19103F-16F7-4668-BE54-9A1E7A4F7556}") = "MediaticonWorker", "..\MediaticonWorker\MediaticonWorker.csproj", "{4329C740-7FD9-4640-A69B-919F21F1E08B}"
EndProject
Project("{FAE04EC0-301F-11D3-BF4B-00C04F79EFBC}") = "NewMessageBox", "..\NewMessageBox\NewMessageBox.csproj", "{B80B7D1F-57F0-4B89-9785-8C9178D37E1E}"
EndProject
Global
	GlobalSection(SolutionConfigurationPlatforms) = preSolution
		Debug|Any CPU = Debug|Any CPU
		Release|Any CPU = Release|Any CPU
	EndGlobalSection
	GlobalSection(ProjectConfigurationPlatforms) = postSolution
		{7556D463-23A8-447D-A6E3-CC4A71143443}.Debug|Any CPU.ActiveCfg = Debug|Any CPU
		{7556D463-23A8-447D-A6E3-CC4A71143443}.Debug|Any CPU.Build.0 = Debug|Any CPU
		{7556D463-23A8-447D-A6E3-CC4A71143443}.Release|Any CPU.ActiveCfg = Release|Any CPU
		{7556D463-23A8-447D-A6E3-CC4A71143443}.Release|Any CPU.Build.0 = Release|Any CPU
		{47CD530E-2958-4FF0-9632-001CF3741E67}.Debug|Any CPU.ActiveCfg = Debug|Any CPU
		{47CD530E-2958-4FF0-9632-001CF3741E67}.Debug|Any CPU.Build.0 = Debug|Any CPU
		{47CD530E-2958-4FF0-9632-001CF3741E67}.Release|Any CPU.ActiveCfg = Release|Any CPU
		{47CD530E-2958-4FF0-9632-001CF3741E67}.Release|Any CPU.Build.0 = Release|Any CPU
		{4329C740-7FD9-4640-A69B-919F21F1E08B}.Debug|Any CPU.ActiveCfg = Debug|Any CPU
		{4329C740-7FD9-4640-A69B-919F21F1E08B}.Debug|Any CPU.Build.0 = Debug|Any CPU
		{4329C740-7FD9-4640-A69B-919F21F1E08B}.Release|Any CPU.ActiveCfg = Release|Any CPU
		{4329C740-7FD9-4640-A69B-919F21F1E08B}.Release|Any CPU.Build.0 = Release|Any CPU
		{B80B7D1F-57F0-4B89-9785-8C9178D37E1E}.Debug|Any CPU.ActiveCfg = Debug|Any CPU
		{B80B7D1F-57F0-4B89-9785-8C9178D37E1E}.Debug|Any CPU.Build.0 = Debug|Any CPU
		{B80B7D1F-57F0-4B89-9785-8C9178D37E1E}.Release|Any CPU.ActiveCfg = Release|Any CPU
		{B80B7D1F-57F0-4B89-9785-8C9178D37E1E}.Release|Any CPU.Build.0 = Release|Any CPU
	EndGlobalSection
	GlobalSection(SolutionProperties) = preSolution
		HideSolutionNode = FALSE
	EndGlobalSection
	GlobalSection(ExtensibilityGlobals) = postSolution
		SolutionGuid = {8AA92784-8EA4-4F2D-A2F0-4E59EA784DF3}
	EndGlobalSection
EndGlobal
